{
  "requires": true,
  "lockfileVersion": 1,
  "dependencies": {
    "evolving-frame-print": {
      "version": "1.0.0",
      "resolved": "https://registry.npmjs.org/evolving-frame-print/-/evolving-frame-print-1.0.0.tgz",
      "integrity": "sha512-yf+JEqdgRS1zIuCaJmw+5Vq1bk+dPfyfoEDCebmOkNEW1LpFOcZjzBsQNahzuAsEQrL5G6HNA9zLAXqggseyGw=="
    }
  }
}
